{
  "name": "vite-plugin-watch-i18",
  "version": "1.0.0",
  "lockfileVersion": 1,
  "requires": true,
  "dependencies": {
    "@babel/helper-validator-identifier": {
      "version": "7.15.7",
      "resolved": "https://registry.npmjs.org/@babel/helper-validator-identifier/-/helper-validator-identifier-7.15.7.tgz",
      "integrity": "sha512-K4JvCtQqad9OY2+yTU8w+E82ywk/fe+ELNlt1G8z3bVGlZfn/hOcQQsUhGhW/N+tb3fxK800wLtKOE/aM0m72w==",
      "dev": true
    },
    "@babel/parser": {
      "version": "7.16.4",
      "resolved": "https://registry.npmjs.org/@babel/parser/-/parser-7.16.4.tgz",
      "integrity": "sha512-6V0qdPUaiVHH3RtZeLIsc+6pDhbYzHR8ogA8w+f+Wc77DuXto19g2QUwveINoS34Uw+W8/hQDGJCx+i4n7xcng==",
      "dev": true
    },
    "@babel/types": {
      "version": "7.16.0",
      "resolved": "https://registry.npmjs.org/@babel/types/-/types-7.16.0.tgz",
      "integrity": "sha512-PJgg/k3SdLsGb3hhisFvtLOw5ts113klrpLuIPtCJIU+BB24fqq6lf8RWqKJEjzqXR9AEH1rIb5XTqwBHB+kQg==",
      "dev": true,
      "requires": {
        "@babel/helper-validator-identifier": "^7.15.7",
        "to-fast-properties": "^2.0.0"
      }
    },
    "@types/babel__core": {
      "version": "7.1.16",
      "resolved": "https://registry.npmjs.org/@types/babel__core/-/babel__core-7.1.16.tgz",
      "integrity": "sha512-EAEHtisTMM+KaKwfWdC3oyllIqswlznXCIVCt7/oRNrh+DhgT4UEBNC/jlADNjvw7UnfbcdkGQcPVZ1xYiLcrQ==",
      "dev": true,
      "requires": {
        "@babel/parser": "^7.1.0",
        "@babel/types": "^7.0.0",
        "@types/babel__generator": "*",
        "@types/babel__template": "*",
        "@types/babel__traverse": "*"
      }
    },
    "@types/babel__generator": {
      "version": "7.6.3",
      "resolved": "https://registry.npmjs.org/@types/babel__generator/-/babel__generator-7.6.3.tgz",
      "integrity": "sha512-/GWCmzJWqV7diQW54smJZzWbSFf4QYtF71WCKhcx6Ru/tFyQIY2eiiITcCAeuPbNSvT9YCGkVMqqvSk2Z0mXiA==",
      "dev": true,
      "requires": {
        "@babel/types": "^7.0.0"
      }
    },
    "@types/babel__template": {
      "version": "7.4.1",
      "resolved": "https://registry.npmjs.org/@types/babel__template/-/babel__template-7.4.1.tgz",
      "integrity": "sha512-azBFKemX6kMg5Io+/rdGT0dkGreboUVR0Cdm3fz9QJWpaQGJRQXl7C+6hOTCZcMll7KFyEQpgbYI2lHdsS4U7g==",
      "dev": true,
      "requires": {
        "@babel/parser": "^7.1.0",
        "@babel/types": "^7.0.0"
      }
    },
    "@types/babel__traverse": {
      "version": "7.14.2",
      "resolved": "https://registry.npmjs.org/@types/babel__traverse/-/babel__traverse-7.14.2.tgz",
      "integrity": "sha512-K2waXdXBi2302XUdcHcR1jCeU0LL4TD9HRs/gk0N2Xvrht+G/BfJa4QObBQZfhMdxiCpV3COl5Nfq4uKTeTnJA==",
      "dev": true,
      "requires": {
        "@babel/types": "^7.3.0"
      }
    },
    "@types/node": {
      "version": "16.11.7",
      "resolved": "https://registry.npmjs.org/@types/node/-/node-16.11.7.tgz",
      "integrity": "sha512-QB5D2sqfSjCmTuWcBWyJ+/44bcjO7VbjSbOE0ucoVbAsSNQc4Lt6QkgkVXkTDwkL4z/beecZNDvVX15D4P8Jbw==",
      "dev": true
    },
    "@types/prettier": {
      "version": "2.4.2",
      "resolved": "https://registry.npmjs.org/@types/prettier/-/prettier-2.4.2.tgz",
      "integrity": "sha512-ekoj4qOQYp7CvjX8ZDBgN86w3MqQhLE1hczEJbEIjgFEumDy+na/4AJAbLXfgEWFNB2pKadM5rPFtuSGMWK7xA==",
      "dev": true
    },
    "to-fast-properties": {
      "version": "2.0.0",
      "resolved": "https://registry.npmjs.org/to-fast-properties/-/to-fast-properties-2.0.0.tgz",
      "integrity": "sha1-3F5pjL0HkmW8c+A3doGk5Og/YW4=",
      "dev": true
    }
  }
}
